
Microsoft Visual Studio Solution File, Format Version 12.00
# Visual Studio 15
VisualStudioVersion = 15.0.26430.16
MinimumVisualStudioVersion = 10.0.40219.1
Project("{FAE04EC0-301F-11D3-BF4B-00C04F79EFBC}") = "zauzi.csharp.net.utils", "zauzi.utils.csharp\zauzi.csharp.net.utils.csproj", "{3179D0E9-36D9-4714-8214-5467251C97D0}"
EndProject
Global
	GlobalSection(SolutionConfigurationPlatforms) = preSolution
		Debug|Any CPU = Debug|Any CPU
		Release|Any CPU = Release|Any CPU
	EndGlobalSection
	GlobalSection(ProjectConfigurationPlatforms) = postSolution
		{3179D0E9-36D9-4714-8214-5467251C97D0}.Debug|Any CPU.ActiveCfg = Debug|Any CPU
		{3179D0E9-36D9-4714-8214-5467251C97D0}.Debug|Any CPU.Build.0 = Debug|Any CPU
		{3179D0E9-36D9-4714-8214-5467251C97D0}.Release|Any CPU.ActiveCfg = Release|Any CPU
		{3179D0E9-36D9-4714-8214-5467251C97D0}.Release|Any CPU.Build.0 = Release|Any CPU
	EndGlobalSection
	GlobalSection(SolutionProperties) = preSolution
		HideSolutionNode = FALSE
	EndGlobalSection
	GlobalSection(ExtensibilityGlobals) = postSolution
		SolutionGuid = {14921DA4-A554-4B00-A11C-108D1FE0B1AC}
	EndGlobalSection
EndGlobal
